<?xml version="1.0" encoding="utf-8"?>
<Project ToolsVersion="4.0" xmlns="http://schemas.microsoft.com/developer/msbuild/2003">
  <ItemGroup>
    <Filter Include="Source Files">
      <UniqueIdentifier>{4FC737F1-C7A5-4376-A066-2A32D752A2FF}</UniqueIdentifier>
      <Extensions>qml;cpp;c;cc;cxx;def;odl;idl;hpj;bat;asm;asmx</Extensions>
    </Filter>
    <Filter Include="Header Files">
      <UniqueIdentifier>{93995380-89BD-4b04-88EB-625FBE52EBFB}</UniqueIdentifier>
      <Extensions>h;hh;hpp;hxx;hm;inl;inc;xsd</Extensions>
    </Filter>
    <Filter Include="Resource Files">
      <UniqueIdentifier>{67DA6AB6-F800-4c08-8B7A-83BB121AAD01}</UniqueIdentifier>
      <Extensions>qrc;rc;ico;cur;bmp;dlg;rc2;rct;bin;rgs;gif;jpg;jpeg;jpe;resx;tiff;tif;png;wav;mfcribbon-ms</Extensions>
    </Filter>
    <Filter Include="Form Files">
      <UniqueIdentifier>{99349809-55BA-4b9d-BF79-8FDBB0286EB3}</UniqueIdentifier>
      <Extensions>ui</Extensions>
    </Filter>
    <Filter Include="Translation Files">
      <UniqueIdentifier>{639EADAA-A684-42e4-A9AD-28FC9BCB8F7C}</UniqueIdentifier>
      <Extensions>ts</Extensions>
    </Filter>
  </ItemGroup>
  <ItemGroup>
    <QtRcc Include="src\resources\AlgoViz.qrc">
      <Filter>Resource Files</Filter>
    </QtRcc>
    <QtUic Include="src\resources\views\AlgoViz.ui">
      <Filter>Form Files</Filter>
    </QtUic>
    <QtMoc Include="src\app\AlgoViz.h">
      <Filter>Header Files</Filter>
    </QtMoc>
    <ClCompile Include="src\app\AlgoViz.cpp">
      <Filter>Source Files</Filter>
    </ClCompile>
  </ItemGroup>
  <ItemGroup>
    <ClCompile Include="src\app\main.cpp">
      <Filter>Source Files</Filter>
    </ClCompile>
    <ClCompile Include="src\app\tree\BSTView.cpp">
      <Filter>Source Files</Filter>
    </ClCompile>
    <ClCompile Include="src\app\node\Node.cpp">
      <Filter>Source Files</Filter>
    </ClCompile>
    <ClCompile Include="src\app\line\Line.cpp">
      <Filter>Source Files</Filter>
    </ClCompile>
    <ClCompile Include="src\app\tree\BSTNode.cpp">
      <Filter>Source Files</Filter>
    </ClCompile>
    <ClCompile Include="src\app\graph\Graph.cpp">
      <Filter>Source Files</Filter>
    </ClCompile>
  </ItemGroup>
  <ItemGroup>
    <Image Include="src\resources\images\trees.png">
      <Filter>Resource Files</Filter>
    </Image>
    <Image Include="src\resources\images\sort.jpg">
      <Filter>Resource Files</Filter>
    </Image>
    <Image Include="src\resources\images\queue.jpg">
      <Filter>Resource Files</Filter>
    </Image>
    <Image Include="src\resources\images\graph.png">
      <Filter>Resource Files</Filter>
    </Image>
    <Image Include="src\resources\images\queue.png">
      <Filter>Resource Files</Filter>
    </Image>
    <Image Include="src\resources\images\sort.png">
      <Filter>Resource Files</Filter>
    </Image>
  </ItemGroup>
  <ItemGroup>
    <None Include="src\resources\styles\main_window.css" />
  </ItemGroup>
  <ItemGroup>
    <QtMoc Include="src\app\tree\BSTView.h">
      <Filter>Header Files</Filter>
    </QtMoc>
  </ItemGroup>
  <ItemGroup>
    <QtUic Include="src\resources\views\BSTView.ui">
      <Filter>Form Files</Filter>
    </QtUic>
  </ItemGroup>
  <ItemGroup>
    <ClInclude Include="src\app\line\Line.h">
      <Filter>Header Files</Filter>
    </ClInclude>
    <ClInclude Include="src\app\tree\BSTNode.h">
      <Filter>Header Files</Filter>
    </ClInclude>
    <ClInclude Include="src\app\node\Node.h">
      <Filter>Header Files</Filter>
    </ClInclude>
    <ClInclude Include="src\app\graph\Graph.h">
      <Filter>Header Files</Filter>
    </ClInclude>
  </ItemGroup>
</Project>